// !$*UTF8*$!
{
	archiveVersion = 1;
	classes = {
	};
	objectVersion = 50;
	objects = {

/* Begin PBXBuildFile section */
		D22C7A70247372FB00FA5DFC /* AppDelegate.swift in Sources */ = {isa = PBXBuildFile; fileRef = D22C7A6F247372FB00FA5DFC /* AppDelegate.swift */; };
		D22C7A72247372FB00FA5DFC /* SceneDelegate.swift in Sources */ = {isa = PBXBuildFile; fileRef = D22C7A71247372FB00FA5DFC /* SceneDelegate.swift */; };
		D22C7A74247372FB00FA5DFC /* ViewController.swift in Sources */ = {isa = PBXBuildFile; fileRef = D22C7A73247372FB00FA5DFC /* ViewController.swift */; };
		D22C7A77247372FB00FA5DFC /* Main.storyboard in Resources */ = {isa = PBXBuildFile; fileRef = D22C7A75247372FB00FA5DFC /* Main.storyboard */; };
		D22C7A79247372FE00FA5DFC /* Assets.xcassets in Resources */ = {isa = PBXBuildFile; fileRef = D22C7A78247372FE00FA5DFC /* Assets.xcassets */; };
		D22C7A7C247372FE00FA5DFC /* LaunchScreen.storyboard in Resources */ = {isa = PBXBuildFile; fileRef = D22C7A7A247372FE00FA5DFC /* LaunchScreen.storyboard */; };
/* End PBXBuildFile section */

/* Begin PBXFileReference section */
		D22C7A6C247372FB00FA5DFC /* EmployeeManager.app */ = {isa = PBXFileReference; explicitFileType = wrapper.application; includeInIndex = 0; path = EmployeeManager.app; sourceTree = BUILT_PRODUCTS_DIR; };
		D22C7A6F247372FB00FA5DFC /* AppDelegate.swift */ = {isa = PBXFileReference; lastKnownFileType = sourcecode.swift; path = AppDelegate.swift; sourceTree = "<group>"; };
		D22C7A71247372FB00FA5DFC /* SceneDelegate.swift */ = {isa = PBXFileReference; lastKnownFileType = sourcecode.swift; path = SceneDelegate.swift; sourceTree = "<group>"; };
		D22C7A73247372FB00FA5DFC /* ViewController.swift */ = {isa = PBXFileReference; lastKnownFileType = sourcecode.swift; path = ViewController.swift; sourceTree = "<group>"; };
		D22C7A76247372FB00FA5DFC /* Base */ = {isa = PBXFileReference; lastKnownFileType = file.storyboard; name = Base; path = Base.lproj/Main.storyboard; sourceTree = "<group>"; };
		D22C7A78247372FE00FA5DFC /* Assets.xcassets */ = {isa = PBXFileReference; lastKnownFileType = folder.assetcatalog; path = Assets.xcassets; sourceTree = "<group>"; };
		D22C7A7B247372FE00FA5DFC /* Base */ = {isa = PBXFileReference; lastKnownFileType = file.storyboard; name = Base; path = Base.lproj/LaunchScreen.storyboard; sourceTree = "<group>"; };
		D22C7A7D247372FE00FA5DFC /* Info.plist */ = {isa = PBXFileReference; lastKnownFileType = text.plist.xml; path = Info.plist; sourceTree = "<group>"; };
/* End PBXFileReference section */

/* Begin PBXFrameworksBuildPhase section */
		D22C7A69247372FB00FA5DFC /* Frameworks */ = {
			isa = PBXFrameworksBuildPhase;
			buildActionMask = 2147483647;
			files = (
			);
			runOnlyForDeploymentPostprocessing = 0;
		};
/* End PBXFrameworksBuildPhase section */

/* Begin PBXGroup section */
		D22C7A63247372FB00FA5DFC = {
			isa = PBXGroup;
			children = (
				D22C7A6E247372FB00FA5DFC /* EmployeeManager */,
				D22C7A6D247372FB00FA5DFC /* Products */,
			);
			sourceTree = "<group>";
		};
		D22C7A6D247372FB00FA5DFC /* Products */ = {
			isa = PBXGroup;
			children = (
				D22C7A6C247372FB00FA5DFC /* EmployeeManager.app */,
			);
			name = Products;
			sourceTree = "<group>";
		};
		D22C7A6E247372FB00FA5DFC /* EmployeeManager */ = {
			isa = PBXGroup;
			children = (
				D22C7A6F247372FB00FA5DFC /* AppDelegate.swift */,
				D22C7A71247372FB00FA5DFC /* SceneDelegate.swift */,
				D22C7A73247372FB00FA5DFC /* ViewController.swift */,
				D22C7A75247372FB00FA5DFC /* Main.storyboard */,
				D22C7A78247372FE00FA5DFC /* Assets.xcassets */,
				D22C7A7A247372FE00FA5DFC /* LaunchScreen.storyboard */,
				D22C7A7D247372FE00FA5DFC /* Info.plist */,
			);
			path = EmployeeManager;
			sourceTree = "<group>";
		};
/* End PBXGroup section */

/* Begin PBXNativeTarget section */
		D22C7A6B247372FB00FA5DFC /* EmployeeManager */ = {
			isa = PBXNativeTarget;
			buildConfigurationList = D22C7A80247372FE00FA5DFC /* Build configuration list for PBXNativeTarget "EmployeeManager" */;
			buildPhases = (
				D22C7A68247372FB00FA5DFC /* Sources */,
				D22C7A69247372FB00FA5DFC /* Frameworks */,
				D22C7A6A247372FB00FA5DFC /* Resources */,
			);
			buildRules = (
			);
			dependencies = (
			);
			name = EmployeeManager;
			productName = EmployeeManager;
			productReference = D22C7A6C247372FB00FA5DFC /* EmployeeManager.app */;
			productType = "com.apple.product-type.application";
		};
/* End PBXNativeTarget section */

/* Begin PBXProject section */
		D22C7A64247372FB00FA5DFC /* Project object */ = {
			isa = PBXProject;
			attributes = {
				LastSwiftUpdateCheck = 1140;
				LastUpgradeCheck = 1140;
				ORGANIZATIONNAME = "John Choi";
				TargetAttributes = {
					D22C7A6B247372FB00FA5DFC = {
						CreatedOnToolsVersion = 11.4.1;
					};
				};
			};
			buildConfigurationList = D22C7A67247372FB00FA5DFC /* Build configuration list for PBXProject "EmployeeManager" */;
			compatibilityVersion = "Xcode 9.3";
			developmentRegion = en;
			hasScannedForEncodings = 0;
			knownRegions = (
				en,
				Base,
			);
			mainGroup = D22C7A63247372FB00FA5DFC;
			productRefGroup = D22C7A6D247372FB00FA5DFC /* Products */;
			projectDirPath = "";
			projectRoot = "";
			targets = (
				D22C7A6B247372FB00FA5DFC /* EmployeeManager */,
			);
		};
/* End PBXProject section */

/* Begin PBXResourcesBuildPhase section */
		D22C7A6A247372FB00FA5DFC /* Resources */ = {
			isa = PBXResourcesBuildPhase;
			buildActionMask = 2147483647;
			files = (
				D22C7A7C247372FE00FA5DFC /* LaunchScreen.storyboard in Resources */,
				D22C7A79247372FE00FA5DFC /* Assets.xcassets in Resources */,
				D22C7A77247372FB00FA5DFC /* Main.storyboard in Resources */,
			);
			runOnlyForDeploymentPostprocessing = 0;
		};
/* End PBXResourcesBuildPhase section */

/* Begin PBXSourcesBuildPhase section */
		D22C7A68247372FB00FA5DFC /* Sources */ = {
			isa = PBXSourcesBuildPhase;
			buildActionMask = 2147483647;
			files = (
				D22C7A74247372FB00FA5DFC /* ViewController.swift in Sources */,
				D22C7A70247372FB00FA5DFC /* AppDelegate.swift in Sources */,
				D22C7A72247372FB00FA5DFC /* SceneDelegate.swift in Sources */,
			);
			runOnlyForDeploymentPostprocessing = 0;
		};
/* End PBXSourcesBuildPhase section */

/* Begin PBXVariantGroup section */
		D22C7A75247372FB00FA5DFC /* Main.storyboard */ = {
			isa = PBXVariantGroup;
			children = (
				D22C7A76247372FB00FA5DFC /* Base */,
			);
			name = Main.storyboard;
			sourceTree = "<group>";
		};
		D22C7A7A247372FE00FA5DFC /* LaunchScreen.storyboard */ = {
			isa = PBXVariantGroup;
			children = (
				D22C7A7B247372FE00FA5DFC /* Base */,
			);
			name = LaunchScreen.storyboard;
			sourceTree = "<group>";
		};
/* End PBXVariantGroup section */

/* Begin XCBuildConfiguration section */
		D22C7A7E247372FE00FA5DFC /* Debug */ = {
			isa = XCBuildConfiguration;
			buildSettings = {
				ALWAYS_SEARCH_USER_PATHS = NO;
				CLANG_ANALYZER_NONNULL = YES;
				CLANG_ANALYZER_NUMBER_OBJECT_CONVERSION = YES_AGGRESSIVE;
				CLANG_CXX_LANGUAGE_STANDARD = "gnu++14";
				CLANG_CXX_LIBRARY = "libc++";
				CLANG_ENABLE_MODULES = YES;
				CLANG_ENABLE_OBJC_ARC = YES;
				CLANG_ENABLE_OBJC_WEAK = YES;
				CLANG_WARN_BLOCK_CAPTURE_AUTORELEASING = YES;
				CLANG_WARN_BOOL_CONVERSION = YES;
				CLANG_WARN_COMMA = YES;
				CLANG_WARN_CONSTANT_CONVERSION = YES;
				CLANG_WARN_DEPRECATED_OBJC_IMPLEMENTATIONS = YES;
				CLANG_WARN_DIRECT_OBJC_ISA_USAGE = YES_ERROR;
				CLANG_WARN_DOCUMENTATION_COMMENTS = YES;
				CLANG_WARN_EMPTY_BODY = YES;
				CLANG_WARN_ENUM_CONVERSION = YES;
				CLANG_WARN_INFINITE_RECURSION = YES;
				CLANG_WARN_INT_CONVERSION = YES;
				CLANG_WARN_NON_LITERAL_NULL_CONVERSION = YES;
				CLANG_WARN_OBJC_IMPLICIT_RETAIN_SELF = YES;
				CLANG_WARN_OBJC_LITERAL_CONVERSION = YES;
				CLANG_WARN_OBJC_ROOT_CLASS = YES_ERROR;
				CLANG_WARN_RANGE_LOOP_ANALYSIS = YES;
				CLANG_WARN_STRICT_PROTOTYPES = YES;
				CLANG_WARN_SUSPICIOUS_MOVE = YES;
				CLANG_WARN_UNGUARDED_AVAILABILITY = YES_AGGRESSIVE;
				CLANG_WARN_UNREACHABLE_CODE = YES;
				CLANG_WARN__DUPLICATE_METHOD_MATCH = YES;
				COPY_PHASE_STRIP = NO;
				DEBUG_INFORMATION_FORMAT = dwarf;
				ENABLE_STRICT_OBJC_MSGSEND = YES;
				ENABLE_TESTABILITY = YES;
				GCC_C_LANGUAGE_STANDARD = gnu11;
				GCC_DYNAMIC_NO_PIC = NO;
				GCC_NO_COMMON_BLOCKS = YES;
				GCC_OPTIMIZATION_LEVEL = 0;
				GCC_PREPROCESSOR_DEFINITIONS = (
					"DEBUG=1",
					"$(inherited)",
				);
				GCC_WARN_64_TO_32_BIT_CONVERSION = YES;
				GCC_WARN_ABOUT_RETURN_TYPE = YES_ERROR;
				GCC_WARN_UNDECLARED_SELECTOR = YES;
				GCC_WARN_UNINITIALIZED_AUTOS = YES_AGGRESSIVE;
				GCC_WARN_UNUSED_FUNCTION = YES;
				GCC_WARN_UNUSED_VARIABLE = YES;
				IPHONEOS_DEPLOYMENT_TARGET = 13.4;
				MTL_ENABLE_DEBUG_INFO = INCLUDE_SOURCE;
				MTL_FAST_MATH = YES;
				ONLY_ACTIVE_ARCH = YES;
				SDKROOT = iphoneos;
				SWIFT_ACTIVE_COMPILATION_CONDITIONS = DEBUG;
				SWIFT_OPTIMIZATION_LEVEL = "-Onone";
			};
			name = Debug;
		};
		D22C7A7F247372FE00FA5DFC /* Release */ = {
			isa = XCBuildConfiguration;
			buildSettings = {
				ALWAYS_SEARCH_USER_PATHS = NO;
				CLANG_ANALYZER_NONNULL = YES;
				CLANG_ANALYZER_NUMBER_OBJECT_CONVERSION = YES_AGGRESSIVE;
				CLANG_CXX_LANGUAGE_STANDARD = "gnu++14";
				CLANG_CXX_LIBRARY = "libc++";
				CLANG_ENABLE_MODULES = YES;
				CLANG_ENABLE_OBJC_ARC = YES;
				CLANG_ENABLE_OBJC_WEAK = YES;
				CLANG_WARN_BLOCK_CAPTURE_AUTORELEASING = YES;
				CLANG_WARN_BOOL_CONVERSION = YES;
				CLANG_WARN_COMMA = YES;
				CLANG_WARN_CONSTANT_CONVERSION = YES;
				CLANG_WARN_DEPRECATED_OBJC_IMPLEMENTATIONS = YES;
				CLANG_WARN_DIRECT_OBJC_ISA_USAGE = YES_ERROR;
				CLANG_WARN_DOCUMENTATION_COMMENTS = YES;
				CLANG_WARN_EMPTY_BODY = YES;
				CLANG_WARN_ENUM_CONVERSION = YES;
				CLANG_WARN_INFINITE_RECURSION = YES;
				CLANG_WARN_INT_CONVERSION = YES;
				CLANG_WARN_NON_LITERAL_NULL_CONVERSION = YES;
				CLANG_WARN_OBJC_IMPLICIT_RETAIN_SELF = YES;
				CLANG_WARN_OBJC_LITERAL_CONVERSION = YES;
				CLANG_WARN_OBJC_ROOT_CLASS = YES_ERROR;
				CLANG_WARN_RANGE_LOOP_ANALYSIS = YES;
				CLANG_WARN_STRICT_PROTOTYPES = YES;
				CLANG_WARN_SUSPICIOUS_MOVE = YES;
				CLANG_WARN_UNGUARDED_AVAILABILITY = YES_AGGRESSIVE;
				CLANG_WARN_UNREACHABLE_CODE = YES;
				CLANG_WARN__DUPLICATE_METHOD_MATCH = YES;
				COPY_PHASE_STRIP = NO;
				DEBUG_INFORMATION_FORMAT = "dwarf-with-dsym";
				ENABLE_NS_ASSERTIONS = NO;
				ENABLE_STRICT_OBJC_MSGSEND = YES;
				GCC_C_LANGUAGE_STANDARD = gnu11;
				GCC_NO_COMMON_BLOCKS = YES;
				GCC_WARN_64_TO_32_BIT_CONVERSION = YES;
				GCC_WARN_ABOUT_RETURN_TYPE = YES_ERROR;
				GCC_WARN_UNDECLARED_SELECTOR = YES;
				GCC_WARN_UNINITIALIZED_AUTOS = YES_AGGRESSIVE;
				GCC_WARN_UNUSED_FUNCTION = YES;
				GCC_WARN_UNUSED_VARIABLE = YES;
				IPHONEOS_DEPLOYMENT_TARGET = 13.4;
				MTL_ENABLE_DEBUG_INFO = NO;
				MTL_FAST_MATH = YES;
				SDKROOT = iphoneos;
				SWIFT_COMPILATION_MODE = wholemodule;
				SWIFT_OPTIMIZATION_LEVEL = "-O";
				VALIDATE_PRODUCT = YES;
			};
			name = Release;
		};
		D22C7A81247372FE00FA5DFC /* Debug */ = {
			isa = XCBuildConfiguration;
			buildSettings = {
				ASSETCATALOG_COMPILER_APPICON_NAME = AppIcon;
				CODE_SIGN_STYLE = Automatic;
				DEVELOPMENT_TEAM = 2JDGUK4DRH;
				INFOPLIST_FILE = EmployeeManager/Info.plist;
				LD_RUNPATH_SEARCH_PATHS = (
					"$(inherited)",
					"@executable_path/Frameworks",
				);
				PRODUCT_BUNDLE_IDENTIFIER = io.github.johnchoi96.EmployeeManager;
				PRODUCT_NAME = "$(TARGET_NAME)";
				SWIFT_VERSION = 5.0;
				TARGETED_DEVICE_FAMILY = "1,2";
			};
			name = Debug;
		};
		D22C7A82247372FE00FA5DFC /* Release */ = {
			isa = XCBuildConfiguration;
			buildSettings = {
				ASSETCATALOG_COMPILER_APPICON_NAME = AppIcon;
				CODE_SIGN_STYLE = Automatic;
				DEVELOPMENT_TEAM = 2JDGUK4DRH;
				INFOPLIST_FILE = EmployeeManager/Info.plist;
				LD_RUNPATH_SEARCH_PATHS = (
					"$(inherited)",
					"@executable_path/Frameworks",
				);
				PRODUCT_BUNDLE_IDENTIFIER = io.github.johnchoi96.EmployeeManager;
				PRODUCT_NAME = "$(TARGET_NAME)";
				SWIFT_VERSION = 5.0;
				TARGETED_DEVICE_FAMILY = "1,2";
			};
			name = Release;
		};
/* End XCBuildConfiguration section */

/* Begin XCConfigurationList section */
		D22C7A67247372FB00FA5DFC /* Build configuration list for PBXProject "EmployeeManager" */ = {
			isa = XCConfigurationList;
			buildConfigurations = (
				D22C7A7E247372FE00FA5DFC /* Debug */,
				D22C7A7F247372FE00FA5DFC /* Release */,
			);
			defaultConfigurationIsVisible = 0;
			defaultConfigurationName = Release;
		};
		D22C7A80247372FE00FA5DFC /* Build configuration list for PBXNativeTarget "EmployeeManager" */ = {
			isa = XCConfigurationList;
			buildConfigurations = (
				D22C7A81247372FE00FA5DFC /* Debug */,
				D22C7A82247372FE00FA5DFC /* Release */,
			);
			defaultConfigurationIsVisible = 0;
			defaultConfigurationName = Release;
		};
/* End XCConfigurationList section */
	};
	rootObject = D22C7A64247372FB00FA5DFC /* Project object */;
}
